
Microsoft Visual Studio Solution File, Format Version 12.00
# Visual Studio Version 16
VisualStudioVersion = 16.0.30517.126
MinimumVisualStudioVersion = 10.0.40219.1
Project("{2150E333-8FDC-42A3-9474-1A3956D46DE8}") = "0-Presentation", "0-Presentation", "{AB0C645D-492A-4C4D-9013-17D35136A25C}"
EndProject
Project("{2150E333-8FDC-42A3-9474-1A3956D46DE8}") = "2-Domain", "2-Domain", "{AB8466F5-C1E0-45F8-908B-1FE828CED3F8}"
EndProject
Project("{2150E333-8FDC-42A3-9474-1A3956D46DE8}") = "1-Application", "1-Application", "{6FDDB99D-3E3B-4F41-B231-F00B1558CCAF}"
EndProject
Project("{FAE04EC0-301F-11D3-BF4B-00C04F79EFBC}") = "Service", "Service\Service.csproj", "{F037656D-C95D-4712-8C7C-B67552A09B8E}"
EndProject
Project("{FAE04EC0-301F-11D3-BF4B-00C04F79EFBC}") = "Domain", "Domain\Domain.csproj", "{95FAD39E-B90F-487F-8B63-54908AE87C8E}"
EndProject
Project("{FAE04EC0-301F-11D3-BF4B-00C04F79EFBC}") = "TrafficLightControllerSimulatorCOM", "TrafficLightControllerSimulatorCOM\TrafficLightControllerSimulatorCOM.csproj", "{EC09470E-354A-4584-91D2-AAB716E1FD4A}"
EndProject
Project("{FAE04EC0-301F-11D3-BF4B-00C04F79EFBC}") = "TrafficLightControllerSimulator2", "TrafficLightControllerSimulator2\TrafficLightControllerSimulator2.csproj", "{250A901B-8004-46EC-928C-ADCD68087CC3}"
EndProject
Global
	GlobalSection(SolutionConfigurationPlatforms) = preSolution
		Debug|Any CPU = Debug|Any CPU
		Release|Any CPU = Release|Any CPU
	EndGlobalSection
	GlobalSection(ProjectConfigurationPlatforms) = postSolution
		{F037656D-C95D-4712-8C7C-B67552A09B8E}.Debug|Any CPU.ActiveCfg = Debug|Any CPU
		{F037656D-C95D-4712-8C7C-B67552A09B8E}.Debug|Any CPU.Build.0 = Debug|Any CPU
		{F037656D-C95D-4712-8C7C-B67552A09B8E}.Release|Any CPU.ActiveCfg = Release|Any CPU
		{F037656D-C95D-4712-8C7C-B67552A09B8E}.Release|Any CPU.Build.0 = Release|Any CPU
		{95FAD39E-B90F-487F-8B63-54908AE87C8E}.Debug|Any CPU.ActiveCfg = Debug|Any CPU
		{95FAD39E-B90F-487F-8B63-54908AE87C8E}.Debug|Any CPU.Build.0 = Debug|Any CPU
		{95FAD39E-B90F-487F-8B63-54908AE87C8E}.Release|Any CPU.ActiveCfg = Release|Any CPU
		{95FAD39E-B90F-487F-8B63-54908AE87C8E}.Release|Any CPU.Build.0 = Release|Any CPU
		{EC09470E-354A-4584-91D2-AAB716E1FD4A}.Debug|Any CPU.ActiveCfg = Debug|Any CPU
		{EC09470E-354A-4584-91D2-AAB716E1FD4A}.Debug|Any CPU.Build.0 = Debug|Any CPU
		{EC09470E-354A-4584-91D2-AAB716E1FD4A}.Release|Any CPU.ActiveCfg = Release|Any CPU
		{EC09470E-354A-4584-91D2-AAB716E1FD4A}.Release|Any CPU.Build.0 = Release|Any CPU
		{250A901B-8004-46EC-928C-ADCD68087CC3}.Debug|Any CPU.ActiveCfg = Debug|Any CPU
		{250A901B-8004-46EC-928C-ADCD68087CC3}.Debug|Any CPU.Build.0 = Debug|Any CPU
		{250A901B-8004-46EC-928C-ADCD68087CC3}.Release|Any CPU.ActiveCfg = Release|Any CPU
		{250A901B-8004-46EC-928C-ADCD68087CC3}.Release|Any CPU.Build.0 = Release|Any CPU
	EndGlobalSection
	GlobalSection(SolutionProperties) = preSolution
		HideSolutionNode = FALSE
	EndGlobalSection
	GlobalSection(NestedProjects) = preSolution
		{F037656D-C95D-4712-8C7C-B67552A09B8E} = {6FDDB99D-3E3B-4F41-B231-F00B1558CCAF}
		{95FAD39E-B90F-487F-8B63-54908AE87C8E} = {AB8466F5-C1E0-45F8-908B-1FE828CED3F8}
		{250A901B-8004-46EC-928C-ADCD68087CC3} = {AB0C645D-492A-4C4D-9013-17D35136A25C}
	EndGlobalSection
	GlobalSection(ExtensibilityGlobals) = postSolution
		SolutionGuid = {C6797B47-0CFE-4869-989F-441FC32F6C81}
	EndGlobalSection
EndGlobal
